// !$*UTF8*$!
{
	archiveVersion = 1;
	classes = {
	};
	objectVersion = 46;
	objects = {

/* Begin PBXBuildFile section */
		CC2AC9A31B270FD200AFA4CE /* AppDelegate.swift in Sources */ = {isa = PBXBuildFile; fileRef = CC2AC9A21B270FD200AFA4CE /* AppDelegate.swift */; };
		CC2AC9A51B270FD200AFA4CE /* ViewController.swift in Sources */ = {isa = PBXBuildFile; fileRef = CC2AC9A41B270FD200AFA4CE /* ViewController.swift */; };
		CC2AC9A81B270FD200AFA4CE /* Main.storyboard in Resources */ = {isa = PBXBuildFile; fileRef = CC2AC9A61B270FD200AFA4CE /* Main.storyboard */; };
		CC2AC9AA1B270FD200AFA4CE /* Images.xcassets in Resources */ = {isa = PBXBuildFile; fileRef = CC2AC9A91B270FD200AFA4CE /* Images.xcassets */; };
		CC2AC9AD1B270FD200AFA4CE /* LaunchScreen.xib in Resources */ = {isa = PBXBuildFile; fileRef = CC2AC9AB1B270FD200AFA4CE /* LaunchScreen.xib */; };
		CC2AC9B91B270FD200AFA4CE /* SomeTestsTests.swift in Sources */ = {isa = PBXBuildFile; fileRef = CC2AC9B81B270FD200AFA4CE /* SomeTestsTests.swift */; };
/* End PBXBuildFile section */

/* Begin PBXContainerItemProxy section */
		CC2AC9B31B270FD200AFA4CE /* PBXContainerItemProxy */ = {
			isa = PBXContainerItemProxy;
			containerPortal = CC2AC9951B270FD200AFA4CE /* Project object */;
			proxyType = 1;
			remoteGlobalIDString = CC2AC99C1B270FD200AFA4CE;
			remoteInfo = SomeTests;
		};
/* End PBXContainerItemProxy section */

/* Begin PBXFileReference section */
		CC2AC99D1B270FD200AFA4CE /* SomeTests.app */ = {isa = PBXFileReference; explicitFileType = wrapper.application; includeInIndex = 0; path = SomeTests.app; sourceTree = BUILT_PRODUCTS_DIR; };
		CC2AC9A11B270FD200AFA4CE /* Info.plist */ = {isa = PBXFileReference; lastKnownFileType = text.plist.xml; path = Info.plist; sourceTree = "<group>"; };
		CC2AC9A21B270FD200AFA4CE /* AppDelegate.swift */ = {isa = PBXFileReference; lastKnownFileType = sourcecode.swift; path = AppDelegate.swift; sourceTree = "<group>"; };
		CC2AC9A41B270FD200AFA4CE /* ViewController.swift */ = {isa = PBXFileReference; lastKnownFileType = sourcecode.swift; path = ViewController.swift; sourceTree = "<group>"; };
		CC2AC9A71B270FD200AFA4CE /* Base */ = {isa = PBXFileReference; lastKnownFileType = file.storyboard; name = Base; path = Base.lproj/Main.storyboard; sourceTree = "<group>"; };
		CC2AC9A91B270FD200AFA4CE /* Images.xcassets */ = {isa = PBXFileReference; lastKnownFileType = folder.assetcatalog; path = Images.xcassets; sourceTree = "<group>"; };
		CC2AC9AC1B270FD200AFA4CE /* Base */ = {isa = PBXFileReference; lastKnownFileType = file.xib; name = Base; path = Base.lproj/LaunchScreen.xib; sourceTree = "<group>"; };
		CC2AC9B21B270FD200AFA4CE /* SomeTestsTests.xctest */ = {isa = PBXFileReference; explicitFileType = wrapper.cfbundle; includeInIndex = 0; path = SomeTestsTests.xctest; sourceTree = BUILT_PRODUCTS_DIR; };
		CC2AC9B71B270FD200AFA4CE /* Info.plist */ = {isa = PBXFileReference; lastKnownFileType = text.plist.xml; path = Info.plist; sourceTree = "<group>"; };
		CC2AC9B81B270FD200AFA4CE /* SomeTestsTests.swift */ = {isa = PBXFileReference; lastKnownFileType = sourcecode.swift; path = SomeTestsTests.swift; sourceTree = "<group>"; };
/* End PBXFileReference section */

/* Begin PBXFrameworksBuildPhase section */
		CC2AC99A1B270FD200AFA4CE /* Frameworks */ = {
			isa = PBXFrameworksBuildPhase;
			buildActionMask = 2147483647;
			files = (
			);
			runOnlyForDeploymentPostprocessing = 0;
		};
		CC2AC9AF1B270FD200AFA4CE /* Frameworks */ = {
			isa = PBXFrameworksBuildPhase;
			buildActionMask = 2147483647;
			files = (
			);
			runOnlyForDeploymentPostprocessing = 0;
		};
/* End PBXFrameworksBuildPhase section */

/* Begin PBXGroup section */
		CC2AC9941B270FD200AFA4CE = {
			isa = PBXGroup;
			children = (
				CC2AC99F1B270FD200AFA4CE /* SomeTests */,
				CC2AC9B51B270FD200AFA4CE /* SomeTestsTests */,
				CC2AC99E1B270FD200AFA4CE /* Products */,
			);
			sourceTree = "<group>";
		};
		CC2AC99E1B270FD200AFA4CE /* Products */ = {
			isa = PBXGroup;
			children = (
				CC2AC99D1B270FD200AFA4CE /* SomeTests.app */,
				CC2AC9B21B270FD200AFA4CE /* SomeTestsTests.xctest */,
			);
			name = Products;
			sourceTree = "<group>";
		};
		CC2AC99F1B270FD200AFA4CE /* SomeTests */ = {
			isa = PBXGroup;
			children = (
				CC2AC9A21B270FD200AFA4CE /* AppDelegate.swift */,
				CC2AC9A41B270FD200AFA4CE /* ViewController.swift */,
				CC2AC9A61B270FD200AFA4CE /* Main.storyboard */,
				CC2AC9A91B270FD200AFA4CE /* Images.xcassets */,
				CC2AC9AB1B270FD200AFA4CE /* LaunchScreen.xib */,
				CC2AC9A01B270FD200AFA4CE /* Supporting Files */,
			);
			path = SomeTests;
			sourceTree = "<group>";
		};
		CC2AC9A01B270FD200AFA4CE /* Supporting Files */ = {
			isa = PBXGroup;
			children = (
				CC2AC9A11B270FD200AFA4CE /* Info.plist */,
			);
			name = "Supporting Files";
			sourceTree = "<group>";
		};
		CC2AC9B51B270FD200AFA4CE /* SomeTestsTests */ = {
			isa = PBXGroup;
			children = (
				CC2AC9B81B270FD200AFA4CE /* SomeTestsTests.swift */,
				CC2AC9B61B270FD200AFA4CE /* Supporting Files */,
			);
			path = SomeTestsTests;
			sourceTree = "<group>";
		};
		CC2AC9B61B270FD200AFA4CE /* Supporting Files */ = {
			isa = PBXGroup;
			children = (
				CC2AC9B71B270FD200AFA4CE /* Info.plist */,
			);
			name = "Supporting Files";
			sourceTree = "<group>";
		};
/* End PBXGroup section */

/* Begin PBXNativeTarget section */
		CC2AC99C1B270FD200AFA4CE /* SomeTests */ = {
			isa = PBXNativeTarget;
			buildConfigurationList = CC2AC9BC1B270FD200AFA4CE /* Build configuration list for PBXNativeTarget "SomeTests" */;
			buildPhases = (
				CC2AC9991B270FD200AFA4CE /* Sources */,
				CC2AC99A1B270FD200AFA4CE /* Frameworks */,
				CC2AC99B1B270FD200AFA4CE /* Resources */,
			);
			buildRules = (
			);
			dependencies = (
			);
			name = SomeTests;
			productName = SomeTests;
			productReference = CC2AC99D1B270FD200AFA4CE /* SomeTests.app */;
			productType = "com.apple.product-type.application";
		};
		CC2AC9B11B270FD200AFA4CE /* SomeTestsTests */ = {
			isa = PBXNativeTarget;
			buildConfigurationList = CC2AC9BF1B270FD200AFA4CE /* Build configuration list for PBXNativeTarget "SomeTestsTests" */;
			buildPhases = (
				CC2AC9AE1B270FD200AFA4CE /* Sources */,
				CC2AC9AF1B270FD200AFA4CE /* Frameworks */,
				CC2AC9B01B270FD200AFA4CE /* Resources */,
			);
			buildRules = (
			);
			dependencies = (
				CC2AC9B41B270FD200AFA4CE /* PBXTargetDependency */,
			);
			name = SomeTestsTests;
			productName = SomeTestsTests;
			productReference = CC2AC9B21B270FD200AFA4CE /* SomeTestsTests.xctest */;
			productType = "com.apple.product-type.bundle.unit-test";
		};
/* End PBXNativeTarget section */

/* Begin PBXProject section */
		CC2AC9951B270FD200AFA4CE /* Project object */ = {
			isa = PBXProject;
			attributes = {
				LastUpgradeCheck = 0630;
				ORGANIZATIONNAME = "Tetsuya Shiraishi";
				TargetAttributes = {
					CC2AC99C1B270FD200AFA4CE = {
						CreatedOnToolsVersion = 6.3.1;
					};
					CC2AC9B11B270FD200AFA4CE = {
						CreatedOnToolsVersion = 6.3.1;
						TestTargetID = CC2AC99C1B270FD200AFA4CE;
					};
				};
			};
			buildConfigurationList = CC2AC9981B270FD200AFA4CE /* Build configuration list for PBXProject "SomeTests" */;
			compatibilityVersion = "Xcode 3.2";
			developmentRegion = English;
			hasScannedForEncodings = 0;
			knownRegions = (
				en,
				Base,
			);
			mainGroup = CC2AC9941B270FD200AFA4CE;
			productRefGroup = CC2AC99E1B270FD200AFA4CE /* Products */;
			projectDirPath = "";
			projectRoot = "";
			targets = (
				CC2AC99C1B270FD200AFA4CE /* SomeTests */,
				CC2AC9B11B270FD200AFA4CE /* SomeTestsTests */,
			);
		};
/* End PBXProject section */

/* Begin PBXResourcesBuildPhase section */
		CC2AC99B1B270FD200AFA4CE /* Resources */ = {
			isa = PBXResourcesBuildPhase;
			buildActionMask = 2147483647;
			files = (
				CC2AC9A81B270FD200AFA4CE /* Main.storyboard in Resources */,
				CC2AC9AD1B270FD200AFA4CE /* LaunchScreen.xib in Resources */,
				CC2AC9AA1B270FD200AFA4CE /* Images.xcassets in Resources */,
			);
			runOnlyForDeploymentPostprocessing = 0;
		};
		CC2AC9B01B270FD200AFA4CE /* Resources */ = {
			isa = PBXResourcesBuildPhase;
			buildActionMask = 2147483647;
			files = (
			);
			runOnlyForDeploymentPostprocessing = 0;
		};
/* End PBXResourcesBuildPhase section */

/* Begin PBXSourcesBuildPhase section */
		CC2AC9991B270FD200AFA4CE /* Sources */ = {
			isa = PBXSourcesBuildPhase;
			buildActionMask = 2147483647;
			files = (
				CC2AC9A51B270FD200AFA4CE /* ViewController.swift in Sources */,
				CC2AC9A31B270FD200AFA4CE /* AppDelegate.swift in Sources */,
			);
			runOnlyForDeploymentPostprocessing = 0;
		};
		CC2AC9AE1B270FD200AFA4CE /* Sources */ = {
			isa = PBXSourcesBuildPhase;
			buildActionMask = 2147483647;
			files = (
				CC2AC9B91B270FD200AFA4CE /* SomeTestsTests.swift in Sources */,
			);
			runOnlyForDeploymentPostprocessing = 0;
		};
/* End PBXSourcesBuildPhase section */

/* Begin PBXTargetDependency section */
		CC2AC9B41B270FD200AFA4CE /* PBXTargetDependency */ = {
			isa = PBXTargetDependency;
			target = CC2AC99C1B270FD200AFA4CE /* SomeTests */;
			targetProxy = CC2AC9B31B270FD200AFA4CE /* PBXContainerItemProxy */;
		};
/* End PBXTargetDependency section */

/* Begin PBXVariantGroup section */
		CC2AC9A61B270FD200AFA4CE /* Main.storyboard */ = {
			isa = PBXVariantGroup;
			children = (
				CC2AC9A71B270FD200AFA4CE /* Base */,
			);
			name = Main.storyboard;
			sourceTree = "<group>";
		};
		CC2AC9AB1B270FD200AFA4CE /* LaunchScreen.xib */ = {
			isa = PBXVariantGroup;
			children = (
				CC2AC9AC1B270FD200AFA4CE /* Base */,
			);
			name = LaunchScreen.xib;
			sourceTree = "<group>";
		};
/* End PBXVariantGroup section */

/* Begin XCBuildConfiguration section */
		CC2AC9BA1B270FD200AFA4CE /* Debug */ = {
			isa = XCBuildConfiguration;
			buildSettings = {
				ALWAYS_SEARCH_USER_PATHS = NO;
				CLANG_CXX_LANGUAGE_STANDARD = "gnu++0x";
				CLANG_CXX_LIBRARY = "libc++";
				CLANG_ENABLE_MODULES = YES;
				CLANG_ENABLE_OBJC_ARC = YES;
				CLANG_WARN_BOOL_CONVERSION = YES;
				CLANG_WARN_CONSTANT_CONVERSION = YES;
				CLANG_WARN_DIRECT_OBJC_ISA_USAGE = YES_ERROR;
				CLANG_WARN_EMPTY_BODY = YES;
				CLANG_WARN_ENUM_CONVERSION = YES;
				CLANG_WARN_INT_CONVERSION = YES;
				CLANG_WARN_OBJC_ROOT_CLASS = YES_ERROR;
				CLANG_WARN_UNREACHABLE_CODE = YES;
				CLANG_WARN__DUPLICATE_METHOD_MATCH = YES;
				"CODE_SIGN_IDENTITY[sdk=iphoneos*]" = "iPhone Developer";
				COPY_PHASE_STRIP = NO;
				DEBUG_INFORMATION_FORMAT = "dwarf-with-dsym";
				ENABLE_STRICT_OBJC_MSGSEND = YES;
				GCC_C_LANGUAGE_STANDARD = gnu99;
				GCC_DYNAMIC_NO_PIC = NO;
				GCC_NO_COMMON_BLOCKS = YES;
				GCC_OPTIMIZATION_LEVEL = 0;
				GCC_PREPROCESSOR_DEFINITIONS = (
					"DEBUG=1",
					"$(inherited)",
				);
				GCC_SYMBOLS_PRIVATE_EXTERN = NO;
				GCC_WARN_64_TO_32_BIT_CONVERSION = YES;
				GCC_WARN_ABOUT_RETURN_TYPE = YES_ERROR;
				GCC_WARN_UNDECLARED_SELECTOR = YES;
				GCC_WARN_UNINITIALIZED_AUTOS = YES_AGGRESSIVE;
				GCC_WARN_UNUSED_FUNCTION = YES;
				GCC_WARN_UNUSED_VARIABLE = YES;
				IPHONEOS_DEPLOYMENT_TARGET = 8.3;
				MTL_ENABLE_DEBUG_INFO = YES;
				ONLY_ACTIVE_ARCH = YES;
				SDKROOT = iphoneos;
				SWIFT_OPTIMIZATION_LEVEL = "-Onone";
				TARGETED_DEVICE_FAMILY = "1,2";
			};
			name = Debug;
		};
		CC2AC9BB1B270FD200AFA4CE /* Release */ = {
			isa = XCBuildConfiguration;
			buildSettings = {
				ALWAYS_SEARCH_USER_PATHS = NO;
				CLANG_CXX_LANGUAGE_STANDARD = "gnu++0x";
				CLANG_CXX_LIBRARY = "libc++";
				CLANG_ENABLE_MODULES = YES;
				CLANG_ENABLE_OBJC_ARC = YES;
				CLANG_WARN_BOOL_CONVERSION = YES;
				CLANG_WARN_CONSTANT_CONVERSION = YES;
				CLANG_WARN_DIRECT_OBJC_ISA_USAGE = YES_ERROR;
				CLANG_WARN_EMPTY_BODY = YES;
				CLANG_WARN_ENUM_CONVERSION = YES;
				CLANG_WARN_INT_CONVERSION = YES;
				CLANG_WARN_OBJC_ROOT_CLASS = YES_ERROR;
				CLANG_WARN_UNREACHABLE_CODE = YES;
				CLANG_WARN__DUPLICATE_METHOD_MATCH = YES;
				"CODE_SIGN_IDENTITY[sdk=iphoneos*]" = "iPhone Developer";
				COPY_PHASE_STRIP = NO;
				DEBUG_INFORMATION_FORMAT = "dwarf-with-dsym";
				ENABLE_NS_ASSERTIONS = NO;
				ENABLE_STRICT_OBJC_MSGSEND = YES;
				GCC_C_LANGUAGE_STANDARD = gnu99;
				GCC_NO_COMMON_BLOCKS = YES;
				GCC_WARN_64_TO_32_BIT_CONVERSION = YES;
				GCC_WARN_ABOUT_RETURN_TYPE = YES_ERROR;
				GCC_WARN_UNDECLARED_SELECTOR = YES;
				GCC_WARN_UNINITIALIZED_AUTOS = YES_AGGRESSIVE;
				GCC_WARN_UNUSED_FUNCTION = YES;
				GCC_WARN_UNUSED_VARIABLE = YES;
				IPHONEOS_DEPLOYMENT_TARGET = 8.3;
				MTL_ENABLE_DEBUG_INFO = NO;
				SDKROOT = iphoneos;
				TARGETED_DEVICE_FAMILY = "1,2";
				VALIDATE_PRODUCT = YES;
			};
			name = Release;
		};
		CC2AC9BD1B270FD200AFA4CE /* Debug */ = {
			isa = XCBuildConfiguration;
			buildSettings = {
				ASSETCATALOG_COMPILER_APPICON_NAME = AppIcon;
				INFOPLIST_FILE = SomeTests/Info.plist;
				LD_RUNPATH_SEARCH_PATHS = "$(inherited) @executable_path/Frameworks";
				PRODUCT_NAME = "$(TARGET_NAME)";
			};
			name = Debug;
		};
		CC2AC9BE1B270FD200AFA4CE /* Release */ = {
			isa = XCBuildConfiguration;
			buildSettings = {
				ASSETCATALOG_COMPILER_APPICON_NAME = AppIcon;
				INFOPLIST_FILE = SomeTests/Info.plist;
				LD_RUNPATH_SEARCH_PATHS = "$(inherited) @executable_path/Frameworks";
				PRODUCT_NAME = "$(TARGET_NAME)";
			};
			name = Release;
		};
		CC2AC9C01B270FD200AFA4CE /* Debug */ = {
			isa = XCBuildConfiguration;
			buildSettings = {
				BUNDLE_LOADER = "$(TEST_HOST)";
				FRAMEWORK_SEARCH_PATHS = (
					"$(SDKROOT)/Developer/Library/Frameworks",
					"$(inherited)",
				);
				GCC_PREPROCESSOR_DEFINITIONS = (
					"DEBUG=1",
					"$(inherited)",
				);
				INFOPLIST_FILE = SomeTestsTests/Info.plist;
				LD_RUNPATH_SEARCH_PATHS = "$(inherited) @executable_path/Frameworks @loader_path/Frameworks";
				PRODUCT_NAME = "$(TARGET_NAME)";
				TEST_HOST = "$(BUILT_PRODUCTS_DIR)/SomeTests.app/SomeTests";
			};
			name = Debug;
		};
		CC2AC9C11B270FD200AFA4CE /* Release */ = {
			isa = XCBuildConfiguration;
			buildSettings = {
				BUNDLE_LOADER = "$(TEST_HOST)";
				FRAMEWORK_SEARCH_PATHS = (
					"$(SDKROOT)/Developer/Library/Frameworks",
					"$(inherited)",
				);
				INFOPLIST_FILE = SomeTestsTests/Info.plist;
				LD_RUNPATH_SEARCH_PATHS = "$(inherited) @executable_path/Frameworks @loader_path/Frameworks";
				PRODUCT_NAME = "$(TARGET_NAME)";
				TEST_HOST = "$(BUILT_PRODUCTS_DIR)/SomeTests.app/SomeTests";
			};
			name = Release;
		};
/* End XCBuildConfiguration section */

/* Begin XCConfigurationList section */
		CC2AC9981B270FD200AFA4CE /* Build configuration list for PBXProject "SomeTests" */ = {
			isa = XCConfigurationList;
			buildConfigurations = (
				CC2AC9BA1B270FD200AFA4CE /* Debug */,
				CC2AC9BB1B270FD200AFA4CE /* Release */,
			);
			defaultConfigurationIsVisible = 0;
			defaultConfigurationName = Release;
		};
		CC2AC9BC1B270FD200AFA4CE /* Build configuration list for PBXNativeTarget "SomeTests" */ = {
			isa = XCConfigurationList;
			buildConfigurations = (
				CC2AC9BD1B270FD200AFA4CE /* Debug */,
				CC2AC9BE1B270FD200AFA4CE /* Release */,
			);
			defaultConfigurationIsVisible = 0;
		};
		CC2AC9BF1B270FD200AFA4CE /* Build configuration list for PBXNativeTarget "SomeTestsTests" */ = {
			isa = XCConfigurationList;
			buildConfigurations = (
				CC2AC9C01B270FD200AFA4CE /* Debug */,
				CC2AC9C11B270FD200AFA4CE /* Release */,
			);
			defaultConfigurationIsVisible = 0;
		};
/* End XCConfigurationList section */
	};
	rootObject = CC2AC9951B270FD200AFA4CE /* Project object */;
}
